
Microsoft Visual Studio Solution File, Format Version 12.00
# Visual Studio Version 17
VisualStudioVersion = 17.2.32616.157
MinimumVisualStudioVersion = 10.0.40219.1
Project("{9A19103F-16F7-4668-BE54-9A1E7A4F7556}") = "CarWash_App", "CarWash_App\CarWash_App.csproj", "{5942B1F2-EF78-4D1A-B7D8-685F8D9FAA76}"
EndProject
Project("{FAE04EC0-301F-11D3-BF4B-00C04F79EFBC}") = "CarWash_App.Tests", "CarWash_App.Tests\CarWash_App.Tests.csproj", "{B98E96B0-33F4-49C1-9511-56DA03307772}"
EndProject
Global
	GlobalSection(SolutionConfigurationPlatforms) = preSolution
		Debug|Any CPU = Debug|Any CPU
		Release|Any CPU = Release|Any CPU
	EndGlobalSection
	GlobalSection(ProjectConfigurationPlatforms) = postSolution
		{5942B1F2-EF78-4D1A-B7D8-685F8D9FAA76}.Debug|Any CPU.ActiveCfg = Debug|Any CPU
		{5942B1F2-EF78-4D1A-B7D8-685F8D9FAA76}.Debug|Any CPU.Build.0 = Debug|Any CPU
		{5942B1F2-EF78-4D1A-B7D8-685F8D9FAA76}.Release|Any CPU.ActiveCfg = Release|Any CPU
		{5942B1F2-EF78-4D1A-B7D8-685F8D9FAA76}.Release|Any CPU.Build.0 = Release|Any CPU
		{B98E96B0-33F4-49C1-9511-56DA03307772}.Debug|Any CPU.ActiveCfg = Debug|Any CPU
		{B98E96B0-33F4-49C1-9511-56DA03307772}.Debug|Any CPU.Build.0 = Debug|Any CPU
		{B98E96B0-33F4-49C1-9511-56DA03307772}.Release|Any CPU.ActiveCfg = Release|Any CPU
		{B98E96B0-33F4-49C1-9511-56DA03307772}.Release|Any CPU.Build.0 = Release|Any CPU
	EndGlobalSection
	GlobalSection(SolutionProperties) = preSolution
		HideSolutionNode = FALSE
	EndGlobalSection
	GlobalSection(ExtensibilityGlobals) = postSolution
		SolutionGuid = {645D78BC-E495-404E-BAB2-349F4F0D11E4}
	EndGlobalSection
EndGlobal
